
Microsoft Visual Studio Solution File, Format Version 12.00
# Visual Studio Version 16
VisualStudioVersion = 16.0.29306.81
MinimumVisualStudioVersion = 10.0.40219.1
Project("{9A19103F-16F7-4668-BE54-9A1E7A4F7556}") = "USAEMS", "USAEMS\USAEMS.csproj", "{D42ECDC8-415F-4D64-BDC7-C714642AF32C}"
EndProject
Project("{9A19103F-16F7-4668-BE54-9A1E7A4F7556}") = "USAEMS.Infrastructure", "USAEMS.Infrastructure\USAEMS.Infrastructure.csproj", "{3A6C3455-294F-4E87-86D4-0EA2E7F8486D}"
EndProject
Project("{FAE04EC0-301F-11D3-BF4B-00C04F79EFBC}") = "USAEMS.Core", "USAEMS.Core\USAEMS.Core.csproj", "{7080E6A3-8477-4F7C-A294-4526762D6826}"
EndProject
Global
	GlobalSection(SolutionConfigurationPlatforms) = preSolution
		Debug|Any CPU = Debug|Any CPU
		Release|Any CPU = Release|Any CPU
	EndGlobalSection
	GlobalSection(ProjectConfigurationPlatforms) = postSolution
		{D42ECDC8-415F-4D64-BDC7-C714642AF32C}.Debug|Any CPU.ActiveCfg = Debug|Any CPU
		{D42ECDC8-415F-4D64-BDC7-C714642AF32C}.Debug|Any CPU.Build.0 = Debug|Any CPU
		{D42ECDC8-415F-4D64-BDC7-C714642AF32C}.Release|Any CPU.ActiveCfg = Release|Any CPU
		{D42ECDC8-415F-4D64-BDC7-C714642AF32C}.Release|Any CPU.Build.0 = Release|Any CPU
		{3A6C3455-294F-4E87-86D4-0EA2E7F8486D}.Debug|Any CPU.ActiveCfg = Debug|Any CPU
		{3A6C3455-294F-4E87-86D4-0EA2E7F8486D}.Debug|Any CPU.Build.0 = Debug|Any CPU
		{3A6C3455-294F-4E87-86D4-0EA2E7F8486D}.Release|Any CPU.ActiveCfg = Release|Any CPU
		{3A6C3455-294F-4E87-86D4-0EA2E7F8486D}.Release|Any CPU.Build.0 = Release|Any CPU
		{7080E6A3-8477-4F7C-A294-4526762D6826}.Debug|Any CPU.ActiveCfg = Debug|Any CPU
		{7080E6A3-8477-4F7C-A294-4526762D6826}.Debug|Any CPU.Build.0 = Debug|Any CPU
		{7080E6A3-8477-4F7C-A294-4526762D6826}.Release|Any CPU.ActiveCfg = Release|Any CPU
		{7080E6A3-8477-4F7C-A294-4526762D6826}.Release|Any CPU.Build.0 = Release|Any CPU
	EndGlobalSection
	GlobalSection(SolutionProperties) = preSolution
		HideSolutionNode = FALSE
	EndGlobalSection
	GlobalSection(ExtensibilityGlobals) = postSolution
		SolutionGuid = {5879FC00-43DC-4074-9EF6-7B7975FA317A}
	EndGlobalSection
EndGlobal
